
Microsoft Visual Studio Solution File, Format Version 12.00
# Visual Studio Version 17
VisualStudioVersion = 17.0.31903.59
MinimumVisualStudioVersion = 10.0.40219.1
Project("{9A19103F-16F7-4668-BE54-9A1E7A4F7556}") = "UnitsNet.Metadata", "UnitsNet.Metadata\UnitsNet.Metadata.csproj", "{583F22DC-53AC-45F4-9274-B2573D437EF0}"
EndProject
Project("{9A19103F-16F7-4668-BE54-9A1E7A4F7556}") = "UnitsNet.DynamicDataframes", "UnitsNet.DynamicDataframes\UnitsNet.DynamicDataframes.csproj", "{140EF020-45FB-416B-98CD-2083490C0539}"
EndProject
Project("{2150E333-8FDC-42A3-9474-1A3956D46DE8}") = "Solution Items", "Solution Items", "{4F9558F6-DF7A-4AF6-B002-346C5EEF1BFA}"
	ProjectSection(SolutionItems) = preProject
		.gitignore = .gitignore
	EndProjectSection
EndProject
Global
	GlobalSection(SolutionConfigurationPlatforms) = preSolution
		Debug|Any CPU = Debug|Any CPU
		Release|Any CPU = Release|Any CPU
	EndGlobalSection
	GlobalSection(ProjectConfigurationPlatforms) = postSolution
		{583F22DC-53AC-45F4-9274-B2573D437EF0}.Debug|Any CPU.ActiveCfg = Debug|Any CPU
		{583F22DC-53AC-45F4-9274-B2573D437EF0}.Debug|Any CPU.Build.0 = Debug|Any CPU
		{583F22DC-53AC-45F4-9274-B2573D437EF0}.Release|Any CPU.ActiveCfg = Release|Any CPU
		{583F22DC-53AC-45F4-9274-B2573D437EF0}.Release|Any CPU.Build.0 = Release|Any CPU
		{140EF020-45FB-416B-98CD-2083490C0539}.Debug|Any CPU.ActiveCfg = Debug|Any CPU
		{140EF020-45FB-416B-98CD-2083490C0539}.Debug|Any CPU.Build.0 = Debug|Any CPU
		{140EF020-45FB-416B-98CD-2083490C0539}.Release|Any CPU.ActiveCfg = Release|Any CPU
		{140EF020-45FB-416B-98CD-2083490C0539}.Release|Any CPU.Build.0 = Release|Any CPU
	EndGlobalSection
	GlobalSection(SolutionProperties) = preSolution
		HideSolutionNode = FALSE
	EndGlobalSection
	GlobalSection(ExtensibilityGlobals) = postSolution
		SolutionGuid = {6DE38500-EF66-4F24-8D9B-8A18630ADC7F}
	EndGlobalSection
EndGlobal
