
Microsoft Visual Studio Solution File, Format Version 12.00
# Visual Studio Version 17
VisualStudioVersion = 17.0.31903.59
MinimumVisualStudioVersion = 10.0.40219.1
Project("{2150E333-8FDC-42A3-9474-1A3956D46DE8}") = "Solution Items", "Solution Items", "{4F9558F6-DF7A-4AF6-B002-346C5EEF1BFA}"
	ProjectSection(SolutionItems) = preProject
		.gitignore = .gitignore
		LICENSE = LICENSE
		README.md = README.md
	EndProjectSection
EndProject
Project("{9A19103F-16F7-4668-BE54-9A1E7A4F7556}") = "UnitsNet.Metadata", "UnitsNet.Metadata\UnitsNet.Metadata.csproj", "{17FCFFEA-B5B6-42DD-96D8-DAFB18F661C6}"
EndProject
Project("{9A19103F-16F7-4668-BE54-9A1E7A4F7556}") = "UnitsNet.Metadata.DynamicDataframes", "UnitsNet.Metadata.DynamicDataframes\UnitsNet.Metadata.DynamicDataframes.csproj", "{65D6502C-5AEC-47F6-99A4-366C7D0AA27F}"
EndProject
Project("{9A19103F-16F7-4668-BE54-9A1E7A4F7556}") = "UnitsNet.Metadata.Tests", "UnitsNet.Metadata.Tests\UnitsNet.Metadata.Tests.csproj", "{16CFFAF8-DEAF-412F-89EC-A32E43B5DAE2}"
EndProject
Project("{FAE04EC0-301F-11D3-BF4B-00C04F79EFBC}") = "UnitsNet.Metadata.Fluent", "UnitsNet.Metadata.Fluent\UnitsNet.Metadata.Fluent.csproj", "{F2390507-A9B8-4C05-A91D-CED969FEF052}"
EndProject
Global
	GlobalSection(SolutionConfigurationPlatforms) = preSolution
		Debug|Any CPU = Debug|Any CPU
		Release|Any CPU = Release|Any CPU
	EndGlobalSection
	GlobalSection(ProjectConfigurationPlatforms) = postSolution
		{17FCFFEA-B5B6-42DD-96D8-DAFB18F661C6}.Debug|Any CPU.ActiveCfg = Debug|Any CPU
		{17FCFFEA-B5B6-42DD-96D8-DAFB18F661C6}.Debug|Any CPU.Build.0 = Debug|Any CPU
		{17FCFFEA-B5B6-42DD-96D8-DAFB18F661C6}.Release|Any CPU.ActiveCfg = Release|Any CPU
		{17FCFFEA-B5B6-42DD-96D8-DAFB18F661C6}.Release|Any CPU.Build.0 = Release|Any CPU
		{65D6502C-5AEC-47F6-99A4-366C7D0AA27F}.Debug|Any CPU.ActiveCfg = Debug|Any CPU
		{65D6502C-5AEC-47F6-99A4-366C7D0AA27F}.Debug|Any CPU.Build.0 = Debug|Any CPU
		{65D6502C-5AEC-47F6-99A4-366C7D0AA27F}.Release|Any CPU.ActiveCfg = Release|Any CPU
		{65D6502C-5AEC-47F6-99A4-366C7D0AA27F}.Release|Any CPU.Build.0 = Release|Any CPU
		{16CFFAF8-DEAF-412F-89EC-A32E43B5DAE2}.Debug|Any CPU.ActiveCfg = Debug|Any CPU
		{16CFFAF8-DEAF-412F-89EC-A32E43B5DAE2}.Debug|Any CPU.Build.0 = Debug|Any CPU
		{16CFFAF8-DEAF-412F-89EC-A32E43B5DAE2}.Release|Any CPU.ActiveCfg = Release|Any CPU
		{16CFFAF8-DEAF-412F-89EC-A32E43B5DAE2}.Release|Any CPU.Build.0 = Release|Any CPU
		{F2390507-A9B8-4C05-A91D-CED969FEF052}.Debug|Any CPU.ActiveCfg = Debug|Any CPU
		{F2390507-A9B8-4C05-A91D-CED969FEF052}.Debug|Any CPU.Build.0 = Debug|Any CPU
		{F2390507-A9B8-4C05-A91D-CED969FEF052}.Release|Any CPU.ActiveCfg = Release|Any CPU
		{F2390507-A9B8-4C05-A91D-CED969FEF052}.Release|Any CPU.Build.0 = Release|Any CPU
	EndGlobalSection
	GlobalSection(SolutionProperties) = preSolution
		HideSolutionNode = FALSE
	EndGlobalSection
	GlobalSection(ExtensibilityGlobals) = postSolution
		SolutionGuid = {6DE38500-EF66-4F24-8D9B-8A18630ADC7F}
	EndGlobalSection
EndGlobal
